
Microsoft Visual Studio Solution File, Format Version 12.00
Project("{FAE04EC0-301F-11D3-BF4B-00C04F79EFBC}") = "Notes.Api", "src\Notes.Api\Notes.Api.csproj", "{97E0C61F-E7A8-4240-8A02-48C6D3294376}"
EndProject
Project("{FAE04EC0-301F-11D3-BF4B-00C04F79EFBC}") = "Notes.Domain", "src\Notes.Domain\Notes.Domain.csproj", "{B1667B8B-6431-4D6A-AAC0-680CC5F56912}"
EndProject
Project("{FAE04EC0-301F-11D3-BF4B-00C04F79EFBC}") = "Notes.Infrastructure", "src\Notes.Infrastructure\Notes.Infrastructure.csproj", "{E6F4D730-165D-44E0-A0E3-367AD0ED8866}"
EndProject
Project("{FAE04EC0-301F-11D3-BF4B-00C04F79EFBC}") = "Notes.Application", "src\Notes.Application\Notes.Application.csproj", "{129D9FE1-51E5-45DB-9019-12C31D76009B}"
EndProject
Project("{2150E333-8FDC-42A3-9474-1A3956D46DE8}") = "src", "src", "{96B22128-7921-40C4-B140-4F480BF5FC7D}"
EndProject
Project("{2150E333-8FDC-42A3-9474-1A3956D46DE8}") = "tests", "tests", "{337039B9-EF9D-457F-8027-9A2D835EBEEB}"
EndProject
Project("{FAE04EC0-301F-11D3-BF4B-00C04F79EFBC}") = "Notes.Api.IntegrationTests", "tests\Notes.Api.IntegrationTests\Notes.Api.IntegrationTests.csproj", "{67F6BE4C-4114-46E2-924A-0A9532C63706}"
EndProject
Project("{2150E333-8FDC-42A3-9474-1A3956D46DE8}") = "UnitTests", "UnitTests", "{23A29656-8745-4AB5-A268-A061BCF64FD8}"
EndProject
Global
	GlobalSection(SolutionConfigurationPlatforms) = preSolution
		Debug|Any CPU = Debug|Any CPU
		Release|Any CPU = Release|Any CPU
	EndGlobalSection
	GlobalSection(ProjectConfigurationPlatforms) = postSolution
		{97E0C61F-E7A8-4240-8A02-48C6D3294376}.Debug|Any CPU.ActiveCfg = Debug|Any CPU
		{97E0C61F-E7A8-4240-8A02-48C6D3294376}.Debug|Any CPU.Build.0 = Debug|Any CPU
		{97E0C61F-E7A8-4240-8A02-48C6D3294376}.Release|Any CPU.ActiveCfg = Release|Any CPU
		{97E0C61F-E7A8-4240-8A02-48C6D3294376}.Release|Any CPU.Build.0 = Release|Any CPU
		{B1667B8B-6431-4D6A-AAC0-680CC5F56912}.Debug|Any CPU.ActiveCfg = Debug|Any CPU
		{B1667B8B-6431-4D6A-AAC0-680CC5F56912}.Debug|Any CPU.Build.0 = Debug|Any CPU
		{B1667B8B-6431-4D6A-AAC0-680CC5F56912}.Release|Any CPU.ActiveCfg = Release|Any CPU
		{B1667B8B-6431-4D6A-AAC0-680CC5F56912}.Release|Any CPU.Build.0 = Release|Any CPU
		{E6F4D730-165D-44E0-A0E3-367AD0ED8866}.Debug|Any CPU.ActiveCfg = Debug|Any CPU
		{E6F4D730-165D-44E0-A0E3-367AD0ED8866}.Debug|Any CPU.Build.0 = Debug|Any CPU
		{E6F4D730-165D-44E0-A0E3-367AD0ED8866}.Release|Any CPU.ActiveCfg = Release|Any CPU
		{E6F4D730-165D-44E0-A0E3-367AD0ED8866}.Release|Any CPU.Build.0 = Release|Any CPU
		{129D9FE1-51E5-45DB-9019-12C31D76009B}.Debug|Any CPU.ActiveCfg = Debug|Any CPU
		{129D9FE1-51E5-45DB-9019-12C31D76009B}.Debug|Any CPU.Build.0 = Debug|Any CPU
		{129D9FE1-51E5-45DB-9019-12C31D76009B}.Release|Any CPU.ActiveCfg = Release|Any CPU
		{129D9FE1-51E5-45DB-9019-12C31D76009B}.Release|Any CPU.Build.0 = Release|Any CPU
		{67F6BE4C-4114-46E2-924A-0A9532C63706}.Debug|Any CPU.ActiveCfg = Debug|Any CPU
		{67F6BE4C-4114-46E2-924A-0A9532C63706}.Debug|Any CPU.Build.0 = Debug|Any CPU
		{67F6BE4C-4114-46E2-924A-0A9532C63706}.Release|Any CPU.ActiveCfg = Release|Any CPU
		{67F6BE4C-4114-46E2-924A-0A9532C63706}.Release|Any CPU.Build.0 = Release|Any CPU
	EndGlobalSection
	GlobalSection(NestedProjects) = preSolution
		{B1667B8B-6431-4D6A-AAC0-680CC5F56912} = {96B22128-7921-40C4-B140-4F480BF5FC7D}
		{E6F4D730-165D-44E0-A0E3-367AD0ED8866} = {96B22128-7921-40C4-B140-4F480BF5FC7D}
		{97E0C61F-E7A8-4240-8A02-48C6D3294376} = {96B22128-7921-40C4-B140-4F480BF5FC7D}
		{129D9FE1-51E5-45DB-9019-12C31D76009B} = {96B22128-7921-40C4-B140-4F480BF5FC7D}
		{67F6BE4C-4114-46E2-924A-0A9532C63706} = {337039B9-EF9D-457F-8027-9A2D835EBEEB}
		{23A29656-8745-4AB5-A268-A061BCF64FD8} = {337039B9-EF9D-457F-8027-9A2D835EBEEB}
	EndGlobalSection
EndGlobal
